
Microsoft Visual Studio Solution File, Format Version 12.00
# Visual Studio Version 17
VisualStudioVersion = 17.0.31903.59
MinimumVisualStudioVersion = 10.0.40219.1
Project("{2150E333-8FDC-42A3-9474-1A3956D46DE8}") = "shared", "shared", "{4F52FD11-658E-A102-6CD3-7D7C16FFA15B}"
EndProject
Project("{2150E333-8FDC-42A3-9474-1A3956D46DE8}") = "dotnet", "dotnet", "{1CC180B5-AA09-2C35-115A-569411B97A5C}"
EndProject
Project("{FAE04EC0-301F-11D3-BF4B-00C04F79EFBC}") = "ArchiveMediaDrive.Core", "shared\dotnet\ArchiveMediaDrive.Core\ArchiveMediaDrive.Core.csproj", "{49DBB5A7-0114-4CE0-8532-0BBD29A8131F}"
EndProject
Project("{FAE04EC0-301F-11D3-BF4B-00C04F79EFBC}") = "ArchiveMediaDrive.Core.Tests", "shared\dotnet\ArchiveMediaDrive.Core.Tests\ArchiveMediaDrive.Core.Tests.csproj", "{391146AB-9C7B-4622-93A9-8D57C5AC4E93}"
EndProject
Project("{2150E333-8FDC-42A3-9474-1A3956D46DE8}") = "plugins", "plugins", "{07D57EEB-2F50-60C4-C011-FE4FA775C9A8}"
EndProject
Project("{2150E333-8FDC-42A3-9474-1A3956D46DE8}") = "jellyfin", "jellyfin", "{C27AFD00-7840-DB7C-8B32-DDC169200692}"
EndProject
Project("{FAE04EC0-301F-11D3-BF4B-00C04F79EFBC}") = "ArchiveMediaDrive.Jellyfin", "plugins\jellyfin\ArchiveMediaDrive.Jellyfin\ArchiveMediaDrive.Jellyfin.csproj", "{89DB8FA6-7963-422A-8F2E-B138D7DA663F}"
EndProject
Project("{FAE04EC0-301F-11D3-BF4B-00C04F79EFBC}") = "ArchiveMediaDrive.Jellyfin.Tests", "plugins\jellyfin\ArchiveMediaDrive.Jellyfin.Tests\ArchiveMediaDrive.Jellyfin.Tests.csproj", "{8F6B31D1-F49C-46BE-92B8-64C0444BA9CA}"
EndProject
Project("{2150E333-8FDC-42A3-9474-1A3956D46DE8}") = "emby", "emby", "{CA6D7200-D7D6-FA04-98C9-0CDA87978283}"
EndProject
Project("{FAE04EC0-301F-11D3-BF4B-00C04F79EFBC}") = "ArchiveMediaDrive.Emby", "plugins\emby\ArchiveMediaDrive.Emby\ArchiveMediaDrive.Emby.csproj", "{A138BE16-8C60-4797-886C-D10595F37AEF}"
EndProject
Project("{FAE04EC0-301F-11D3-BF4B-00C04F79EFBC}") = "ArchiveMediaDrive.Emby.Tests", "plugins\emby\ArchiveMediaDrive.Emby.Tests\ArchiveMediaDrive.Emby.Tests.csproj", "{19BA40C4-78C7-4DE6-90C0-CB15114A97A3}"
EndProject
Global
	GlobalSection(SolutionConfigurationPlatforms) = preSolution
		Debug|Any CPU = Debug|Any CPU
		Debug|x64 = Debug|x64
		Debug|x86 = Debug|x86
		Release|Any CPU = Release|Any CPU
		Release|x64 = Release|x64
		Release|x86 = Release|x86
	EndGlobalSection
	GlobalSection(ProjectConfigurationPlatforms) = postSolution
		{49DBB5A7-0114-4CE0-8532-0BBD29A8131F}.Debug|Any CPU.ActiveCfg = Debug|Any CPU
		{49DBB5A7-0114-4CE0-8532-0BBD29A8131F}.Debug|Any CPU.Build.0 = Debug|Any CPU
		{49DBB5A7-0114-4CE0-8532-0BBD29A8131F}.Debug|x64.ActiveCfg = Debug|Any CPU
		{49DBB5A7-0114-4CE0-8532-0BBD29A8131F}.Debug|x64.Build.0 = Debug|Any CPU
		{49DBB5A7-0114-4CE0-8532-0BBD29A8131F}.Debug|x86.ActiveCfg = Debug|Any CPU
		{49DBB5A7-0114-4CE0-8532-0BBD29A8131F}.Debug|x86.Build.0 = Debug|Any CPU
		{49DBB5A7-0114-4CE0-8532-0BBD29A8131F}.Release|Any CPU.ActiveCfg = Release|Any CPU
		{49DBB5A7-0114-4CE0-8532-0BBD29A8131F}.Release|Any CPU.Build.0 = Release|Any CPU
		{49DBB5A7-0114-4CE0-8532-0BBD29A8131F}.Release|x64.ActiveCfg = Release|Any CPU
		{49DBB5A7-0114-4CE0-8532-0BBD29A8131F}.Release|x64.Build.0 = Release|Any CPU
		{49DBB5A7-0114-4CE0-8532-0BBD29A8131F}.Release|x86.ActiveCfg = Release|Any CPU
		{49DBB5A7-0114-4CE0-8532-0BBD29A8131F}.Release|x86.Build.0 = Release|Any CPU
		{391146AB-9C7B-4622-93A9-8D57C5AC4E93}.Debug|Any CPU.ActiveCfg = Debug|Any CPU
		{391146AB-9C7B-4622-93A9-8D57C5AC4E93}.Debug|Any CPU.Build.0 = Debug|Any CPU
		{391146AB-9C7B-4622-93A9-8D57C5AC4E93}.Debug|x64.ActiveCfg = Debug|Any CPU
		{391146AB-9C7B-4622-93A9-8D57C5AC4E93}.Debug|x64.Build.0 = Debug|Any CPU
		{391146AB-9C7B-4622-93A9-8D57C5AC4E93}.Debug|x86.ActiveCfg = Debug|Any CPU
		{391146AB-9C7B-4622-93A9-8D57C5AC4E93}.Debug|x86.Build.0 = Debug|Any CPU
		{391146AB-9C7B-4622-93A9-8D57C5AC4E93}.Release|Any CPU.ActiveCfg = Release|Any CPU
		{391146AB-9C7B-4622-93A9-8D57C5AC4E93}.Release|Any CPU.Build.0 = Release|Any CPU
		{391146AB-9C7B-4622-93A9-8D57C5AC4E93}.Release|x64.ActiveCfg = Release|Any CPU
		{391146AB-9C7B-4622-93A9-8D57C5AC4E93}.Release|x64.Build.0 = Release|Any CPU
		{391146AB-9C7B-4622-93A9-8D57C5AC4E93}.Release|x86.ActiveCfg = Release|Any CPU
		{391146AB-9C7B-4622-93A9-8D57C5AC4E93}.Release|x86.Build.0 = Release|Any CPU
		{89DB8FA6-7963-422A-8F2E-B138D7DA663F}.Debug|Any CPU.ActiveCfg = Debug|Any CPU
		{89DB8FA6-7963-422A-8F2E-B138D7DA663F}.Debug|Any CPU.Build.0 = Debug|Any CPU
		{89DB8FA6-7963-422A-8F2E-B138D7DA663F}.Debug|x64.ActiveCfg = Debug|Any CPU
		{89DB8FA6-7963-422A-8F2E-B138D7DA663F}.Debug|x64.Build.0 = Debug|Any CPU
		{89DB8FA6-7963-422A-8F2E-B138D7DA663F}.Debug|x86.ActiveCfg = Debug|Any CPU
		{89DB8FA6-7963-422A-8F2E-B138D7DA663F}.Debug|x86.Build.0 = Debug|Any CPU
		{89DB8FA6-7963-422A-8F2E-B138D7DA663F}.Release|Any CPU.ActiveCfg = Release|Any CPU
		{89DB8FA6-7963-422A-8F2E-B138D7DA663F}.Release|Any CPU.Build.0 = Release|Any CPU
		{89DB8FA6-7963-422A-8F2E-B138D7DA663F}.Release|x64.ActiveCfg = Release|Any CPU
		{89DB8FA6-7963-422A-8F2E-B138D7DA663F}.Release|x64.Build.0 = Release|Any CPU
		{89DB8FA6-7963-422A-8F2E-B138D7DA663F}.Release|x86.ActiveCfg = Release|Any CPU
		{89DB8FA6-7963-422A-8F2E-B138D7DA663F}.Release|x86.Build.0 = Release|Any CPU
		{8F6B31D1-F49C-46BE-92B8-64C0444BA9CA}.Debug|Any CPU.ActiveCfg = Debug|Any CPU
		{8F6B31D1-F49C-46BE-92B8-64C0444BA9CA}.Debug|Any CPU.Build.0 = Debug|Any CPU
		{8F6B31D1-F49C-46BE-92B8-64C0444BA9CA}.Debug|x64.ActiveCfg = Debug|Any CPU
		{8F6B31D1-F49C-46BE-92B8-64C0444BA9CA}.Debug|x64.Build.0 = Debug|Any CPU
		{8F6B31D1-F49C-46BE-92B8-64C0444BA9CA}.Debug|x86.ActiveCfg = Debug|Any CPU
		{8F6B31D1-F49C-46BE-92B8-64C0444BA9CA}.Debug|x86.Build.0 = Debug|Any CPU
		{8F6B31D1-F49C-46BE-92B8-64C0444BA9CA}.Release|Any CPU.ActiveCfg = Release|Any CPU
		{8F6B31D1-F49C-46BE-92B8-64C0444BA9CA}.Release|Any CPU.Build.0 = Release|Any CPU
		{8F6B31D1-F49C-46BE-92B8-64C0444BA9CA}.Release|x64.ActiveCfg = Release|Any CPU
		{8F6B31D1-F49C-46BE-92B8-64C0444BA9CA}.Release|x64.Build.0 = Release|Any CPU
		{8F6B31D1-F49C-46BE-92B8-64C0444BA9CA}.Release|x86.ActiveCfg = Release|Any CPU
		{8F6B31D1-F49C-46BE-92B8-64C0444BA9CA}.Release|x86.Build.0 = Release|Any CPU
		{A138BE16-8C60-4797-886C-D10595F37AEF}.Debug|Any CPU.ActiveCfg = Debug|Any CPU
		{A138BE16-8C60-4797-886C-D10595F37AEF}.Debug|Any CPU.Build.0 = Debug|Any CPU
		{A138BE16-8C60-4797-886C-D10595F37AEF}.Debug|x64.ActiveCfg = Debug|Any CPU
		{A138BE16-8C60-4797-886C-D10595F37AEF}.Debug|x64.Build.0 = Debug|Any CPU
		{A138BE16-8C60-4797-886C-D10595F37AEF}.Debug|x86.ActiveCfg = Debug|Any CPU
		{A138BE16-8C60-4797-886C-D10595F37AEF}.Debug|x86.Build.0 = Debug|Any CPU
		{A138BE16-8C60-4797-886C-D10595F37AEF}.Release|Any CPU.ActiveCfg = Release|Any CPU
		{A138BE16-8C60-4797-886C-D10595F37AEF}.Release|Any CPU.Build.0 = Release|Any CPU
		{A138BE16-8C60-4797-886C-D10595F37AEF}.Release|x64.ActiveCfg = Release|Any CPU
		{A138BE16-8C60-4797-886C-D10595F37AEF}.Release|x64.Build.0 = Release|Any CPU
		{A138BE16-8C60-4797-886C-D10595F37AEF}.Release|x86.ActiveCfg = Release|Any CPU
		{A138BE16-8C60-4797-886C-D10595F37AEF}.Release|x86.Build.0 = Release|Any CPU
		{19BA40C4-78C7-4DE6-90C0-CB15114A97A3}.Debug|Any CPU.ActiveCfg = Debug|Any CPU
		{19BA40C4-78C7-4DE6-90C0-CB15114A97A3}.Debug|Any CPU.Build.0 = Debug|Any CPU
		{19BA40C4-78C7-4DE6-90C0-CB15114A97A3}.Debug|x64.ActiveCfg = Debug|Any CPU
		{19BA40C4-78C7-4DE6-90C0-CB15114A97A3}.Debug|x64.Build.0 = Debug|Any CPU
		{19BA40C4-78C7-4DE6-90C0-CB15114A97A3}.Debug|x86.ActiveCfg = Debug|Any CPU
		{19BA40C4-78C7-4DE6-90C0-CB15114A97A3}.Debug|x86.Build.0 = Debug|Any CPU
		{19BA40C4-78C7-4DE6-90C0-CB15114A97A3}.Release|Any CPU.ActiveCfg = Release|Any CPU
		{19BA40C4-78C7-4DE6-90C0-CB15114A97A3}.Release|Any CPU.Build.0 = Release|Any CPU
		{19BA40C4-78C7-4DE6-90C0-CB15114A97A3}.Release|x64.ActiveCfg = Release|Any CPU
		{19BA40C4-78C7-4DE6-90C0-CB15114A97A3}.Release|x64.Build.0 = Release|Any CPU
		{19BA40C4-78C7-4DE6-90C0-CB15114A97A3}.Release|x86.ActiveCfg = Release|Any CPU
		{19BA40C4-78C7-4DE6-90C0-CB15114A97A3}.Release|x86.Build.0 = Release|Any CPU
	EndGlobalSection
	GlobalSection(SolutionProperties) = preSolution
		HideSolutionNode = FALSE
	EndGlobalSection
	GlobalSection(NestedProjects) = preSolution
		{1CC180B5-AA09-2C35-115A-569411B97A5C} = {4F52FD11-658E-A102-6CD3-7D7C16FFA15B}
		{49DBB5A7-0114-4CE0-8532-0BBD29A8131F} = {1CC180B5-AA09-2C35-115A-569411B97A5C}
		{391146AB-9C7B-4622-93A9-8D57C5AC4E93} = {1CC180B5-AA09-2C35-115A-569411B97A5C}
		{C27AFD00-7840-DB7C-8B32-DDC169200692} = {07D57EEB-2F50-60C4-C011-FE4FA775C9A8}
		{89DB8FA6-7963-422A-8F2E-B138D7DA663F} = {C27AFD00-7840-DB7C-8B32-DDC169200692}
		{8F6B31D1-F49C-46BE-92B8-64C0444BA9CA} = {C27AFD00-7840-DB7C-8B32-DDC169200692}
		{CA6D7200-D7D6-FA04-98C9-0CDA87978283} = {07D57EEB-2F50-60C4-C011-FE4FA775C9A8}
		{A138BE16-8C60-4797-886C-D10595F37AEF} = {CA6D7200-D7D6-FA04-98C9-0CDA87978283}
		{19BA40C4-78C7-4DE6-90C0-CB15114A97A3} = {CA6D7200-D7D6-FA04-98C9-0CDA87978283}
	EndGlobalSection
EndGlobal
